
Microsoft Visual Studio Solution File, Format Version 12.00
# Visual Studio Version 16
VisualStudioVersion = 16.0.30330.147
MinimumVisualStudioVersion = 10.0.40219.1
Project("{FAE04EC0-301F-11D3-BF4B-00C04F79EFBC}") = "CSH1_Tag_04_Aufgabe_01", "CSH1_Tag_04_Aufgabe_01\CSH1_Tag_04_Aufgabe_01.csproj", "{58C253C6-0F96-4DC4-844A-0764BD7BCDB5}"
EndProject
Global
	GlobalSection(SolutionConfigurationPlatforms) = preSolution
		Debug|Any CPU = Debug|Any CPU
		Release|Any CPU = Release|Any CPU
	EndGlobalSection
	GlobalSection(ProjectConfigurationPlatforms) = postSolution
		{58C253C6-0F96-4DC4-844A-0764BD7BCDB5}.Debug|Any CPU.ActiveCfg = Debug|Any CPU
		{58C253C6-0F96-4DC4-844A-0764BD7BCDB5}.Debug|Any CPU.Build.0 = Debug|Any CPU
		{58C253C6-0F96-4DC4-844A-0764BD7BCDB5}.Release|Any CPU.ActiveCfg = Release|Any CPU
		{58C253C6-0F96-4DC4-844A-0764BD7BCDB5}.Release|Any CPU.Build.0 = Release|Any CPU
	EndGlobalSection
	GlobalSection(SolutionProperties) = preSolution
		HideSolutionNode = FALSE
	EndGlobalSection
	GlobalSection(ExtensibilityGlobals) = postSolution
		SolutionGuid = {7EDA11F0-0CD5-4D8A-BE6F-0EFAA3552756}
	EndGlobalSection
EndGlobal
